
Microsoft Visual Studio Solution File, Format Version 12.00
# Visual Studio 14
VisualStudioVersion = 14.0.25420.1
MinimumVisualStudioVersion = 10.0.40219.1
Project("{FAE04EC0-301F-11D3-BF4B-00C04F79EFBC}") = "QuanLyKhoHang.UI", "QuanLyKhoHang.UI\QuanLyKhoHang.UI.csproj", "{89F9FEEE-3980-4879-BF24-9736AC4D390F}"
EndProject
Project("{FAE04EC0-301F-11D3-BF4B-00C04F79EFBC}") = "QuanLyKhoHang.MODEL", "QuanLyKhoHang.MODEL\QuanLyKhoHang.MODEL.csproj", "{3048D672-EAD6-45DE-8C56-E647A389903F}"
EndProject
Global
	GlobalSection(SolutionConfigurationPlatforms) = preSolution
		Debug|Any CPU = Debug|Any CPU
		Release|Any CPU = Release|Any CPU
	EndGlobalSection
	GlobalSection(ProjectConfigurationPlatforms) = postSolution
		{89F9FEEE-3980-4879-BF24-9736AC4D390F}.Debug|Any CPU.ActiveCfg = Debug|Any CPU
		{89F9FEEE-3980-4879-BF24-9736AC4D390F}.Debug|Any CPU.Build.0 = Debug|Any CPU
		{89F9FEEE-3980-4879-BF24-9736AC4D390F}.Release|Any CPU.ActiveCfg = Release|Any CPU
		{89F9FEEE-3980-4879-BF24-9736AC4D390F}.Release|Any CPU.Build.0 = Release|Any CPU
		{3048D672-EAD6-45DE-8C56-E647A389903F}.Debug|Any CPU.ActiveCfg = Debug|Any CPU
		{3048D672-EAD6-45DE-8C56-E647A389903F}.Debug|Any CPU.Build.0 = Debug|Any CPU
		{3048D672-EAD6-45DE-8C56-E647A389903F}.Release|Any CPU.ActiveCfg = Release|Any CPU
		{3048D672-EAD6-45DE-8C56-E647A389903F}.Release|Any CPU.Build.0 = Release|Any CPU
	EndGlobalSection
	GlobalSection(SolutionProperties) = preSolution
		HideSolutionNode = FALSE
	EndGlobalSection
EndGlobal
